PODS:
  - CountryPickerSwift (1.8.0)
  - PhoneNumberKit (2.6.0):
    - PhoneNumberKit/PhoneNumberKitCore (= 2.6.0)
    - PhoneNumberKit/UIKit (= 2.6.0)
  - PhoneNumberKit/PhoneNumberKitCore (2.6.0)
  - PhoneNumberKit/UIKit (2.6.0):
    - PhoneNumberKit/PhoneNumberKitCore
  - PhoneVerificationController (2.0.3):
    - CountryPickerSwift (~> 1.8)
    - PhoneNumberKit (~> 2.6.0)
  - SwiftGen (6.1.0)

DEPENDENCIES:
  - PhoneVerificationController (from `../`)
  - SwiftGen

SPEC REPOS:
  https://github.com/cocoapods/specs.git:
    - CountryPickerSwift
    - PhoneNumberKit
    - SwiftGen

EXTERNAL SOURCES:
  PhoneVerificationController:
    :path: "../"

SPEC CHECKSUMS:
  CountryPickerSwift: 4c328ae9687322cacf541120f5c43f0e2c1ba194
  PhoneNumberKit: 167ee1f0bbb6efce7c62559e620eae745595532f
  PhoneVerificationController: c1045e16a072bdec12e69edbfe209681ecf5cddc
  SwiftGen: f872ca75cbd17bf7103c17f13dcfa0d9a15667b0

PODFILE CHECKSUM: e7ae69393d9f914093fe7b08930eb1822c1b2bb6

COCOAPODS: 1.6.1
